<Solution>
  <Folder Name="/Task0/">
    <Project Path="Tyuyu.PestrikovDD.Sprint4.Task0.V10.Lib/Tyuyu.PestrikovDD.Sprint4.Task0.V10.Lib.csproj" />
    <Project Path="Tyuyu.PestrikovDD.Sprint4.Task0.V10.Test/Tyuyu.PestrikovDD.Sprint4.Task0.V10.Test.csproj" />
    <Project Path="Tyuyu.PestrikovDD.Sprint4.Task0.V10/Tyuyu.PestrikovDD.Sprint4.Task0.V10.csproj" />
  </Folder>
</Solution>
